{
  "projects": [
    {
      "projectId": "h64FJUinfLsT3oJv18qEKw",
      "version": "latest",
      "dependencies": {},
      "lang": "ts",
      "fileLocks": [
        {
          "type": "globalVariant",
          "assetId": "uLgfdXaUNLX8",
          "checksum": "2a265ff9158edf153efa5480e6b2c1ea"
        },
        {
          "assetId": "h64FJUinfLsT3oJv18qEKw",
          "type": "projectCss",
          "checksum": "4e11783695590b5ca4c12fdce2a81f03"
        },
        {
          "type": "renderModule",
          "assetId": "Eo1l1nc2wv4Z",
          "checksum": "56e99cf9c27718d85e81154d00238c4c"
        },
        {
          "type": "cssRules",
          "assetId": "Eo1l1nc2wv4Z",
          "checksum": "56e99cf9c27718d85e81154d00238c4c"
        },
        {
          "type": "renderModule",
          "assetId": "XFdIKDmh1bFQ",
          "checksum": "08c04a2aa4150fe5450f09363f4d2047"
        },
        {
          "type": "cssRules",
          "assetId": "XFdIKDmh1bFQ",
          "checksum": "08c04a2aa4150fe5450f09363f4d2047"
        },
        {
          "type": "renderModule",
          "assetId": "EE1u5reRX2Fo",
          "checksum": "b42be001dad1ac3ee1d8b12f39bf9266"
        },
        {
          "type": "cssRules",
          "assetId": "EE1u5reRX2Fo",
          "checksum": "b42be001dad1ac3ee1d8b12f39bf9266"
        },
        {
          "type": "renderModule",
          "assetId": "IIl499FjkAwL",
          "checksum": "a70ea2ff6a239f4c48522424918603ec"
        },
        {
          "type": "cssRules",
          "assetId": "IIl499FjkAwL",
          "checksum": "a70ea2ff6a239f4c48522424918603ec"
        },
        {
          "type": "renderModule",
          "assetId": "di8a93j_cU3u",
          "checksum": "f40ac110861907f568e85c2035790947"
        },
        {
          "type": "cssRules",
          "assetId": "di8a93j_cU3u",
          "checksum": "f40ac110861907f568e85c2035790947"
        },
        {
          "type": "renderModule",
          "assetId": "Immefa-mTK_f",
          "checksum": "9870853cc2e4911c871f7bfc071df2d9"
        },
        {
          "type": "cssRules",
          "assetId": "Immefa-mTK_f",
          "checksum": "9870853cc2e4911c871f7bfc071df2d9"
        },
        {
          "type": "renderModule",
          "assetId": "gkXkKfESviAP",
          "checksum": "7cd25680e60bd5744d46fd091d7dd296"
        },
        {
          "type": "cssRules",
          "assetId": "gkXkKfESviAP",
          "checksum": "7cd25680e60bd5744d46fd091d7dd296"
        },
        {
          "type": "renderModule",
          "assetId": "jY3yw4QkUFJH",
          "checksum": "b8ef6e4e7afd62be91c0de480fcaafc9"
        },
        {
          "type": "cssRules",
          "assetId": "jY3yw4QkUFJH",
          "checksum": "b8ef6e4e7afd62be91c0de480fcaafc9"
        },
        {
          "type": "renderModule",
          "assetId": "yT2eR_HuSciw",
          "checksum": "8d49e1a93f914343d563528d2efd1a44"
        },
        {
          "type": "cssRules",
          "assetId": "yT2eR_HuSciw",
          "checksum": "8d49e1a93f914343d563528d2efd1a44"
        },
        {
          "type": "renderModule",
          "assetId": "xNJz9Yj1hYQj",
          "checksum": "669ccc33f712427a49dd0d081869aa3e"
        },
        {
          "type": "cssRules",
          "assetId": "xNJz9Yj1hYQj",
          "checksum": "669ccc33f712427a49dd0d081869aa3e"
        },
        {
          "type": "renderModule",
          "assetId": "jgqUgdyhP1tY",
          "checksum": "3f7cbc3b7dd6c4430d1f42eca8e64f22"
        },
        {
          "type": "cssRules",
          "assetId": "jgqUgdyhP1tY",
          "checksum": "3f7cbc3b7dd6c4430d1f42eca8e64f22"
        },
        {
          "type": "renderModule",
          "assetId": "h2Z0y8j3p_XM",
          "checksum": "25787f622039816953b4a6b182839bb6"
        },
        {
          "type": "cssRules",
          "assetId": "h2Z0y8j3p_XM",
          "checksum": "25787f622039816953b4a6b182839bb6"
        },
        {
          "type": "renderModule",
          "assetId": "EEpzYH0J7Tm2",
          "checksum": "48855dd07eb3ed175c9ffbb559175224"
        },
        {
          "type": "cssRules",
          "assetId": "EEpzYH0J7Tm2",
          "checksum": "48855dd07eb3ed175c9ffbb559175224"
        },
        {
          "type": "renderModule",
          "assetId": "6_sZdAR6xESy",
          "checksum": "ada40ca4aeba41ee0425535cac7d5477"
        },
        {
          "type": "cssRules",
          "assetId": "6_sZdAR6xESy",
          "checksum": "ada40ca4aeba41ee0425535cac7d5477"
        },
        {
          "type": "renderModule",
          "assetId": "zivLNam5NcS7",
          "checksum": "ba0277362c5a2fda3b717c0ded071cc5"
        },
        {
          "type": "cssRules",
          "assetId": "zivLNam5NcS7",
          "checksum": "ba0277362c5a2fda3b717c0ded071cc5"
        },
        {
          "type": "renderModule",
          "assetId": "tfh3uRYjbjAy",
          "checksum": "6f130ff7025e93d3af93cb4c738f67ce"
        },
        {
          "type": "cssRules",
          "assetId": "tfh3uRYjbjAy",
          "checksum": "6f130ff7025e93d3af93cb4c738f67ce"
        },
        {
          "type": "renderModule",
          "assetId": "jYxl0YOCkr3B",
          "checksum": "b53db3252eea3ce4fd4387312c6febed"
        },
        {
          "type": "cssRules",
          "assetId": "jYxl0YOCkr3B",
          "checksum": "b53db3252eea3ce4fd4387312c6febed"
        },
        {
          "type": "renderModule",
          "assetId": "UXCtVhur1-m_",
          "checksum": "7e58a6819aa12340366bdd07e0927574"
        },
        {
          "type": "cssRules",
          "assetId": "UXCtVhur1-m_",
          "checksum": "7e58a6819aa12340366bdd07e0927574"
        },
        {
          "type": "icon",
          "assetId": "IAR87SPTSIgk",
          "checksum": "785e0ae364c933a24fa3c958f1f1a299"
        },
        {
          "type": "icon",
          "assetId": "Z9RSHs6jszKv",
          "checksum": "5c458e49526f05a4c3f1f958db0946f4"
        },
        {
          "type": "icon",
          "assetId": "Z4VKD-4evJen",
          "checksum": "6ba34921befb635b9cd10a0f381fd0f4"
        },
        {
          "type": "icon",
          "assetId": "g-F5J-6h8vI-",
          "checksum": "e0ad8a66af9c3512841079e1b0186de7"
        },
        {
          "type": "icon",
          "assetId": "nCQvkMBsniiM",
          "checksum": "a549431b35b12eda2778c69e1e7c477a"
        },
        {
          "type": "icon",
          "assetId": "e0rbT1dFFP9o",
          "checksum": "64c5932343ee495f95024268928b6bac"
        },
        {
          "type": "image",
          "assetId": "j9RuyKIMFBBR",
          "checksum": "66451af8081b12e8fc48bfc29b49e791"
        },
        {
          "type": "image",
          "assetId": "l-k4GesyW5zR",
          "checksum": "27e19958d2f5b030df50da3c3809f6a7"
        },
        {
          "type": "image",
          "assetId": "6jtD3RMYm6qj",
          "checksum": "e7e12934e54baebfafcb182f8ced22f5"
        },
        {
          "type": "image",
          "assetId": "jM8P9S_lCFng",
          "checksum": "066695e83f1be4023d9ff908eef32c53"
        },
        {
          "type": "image",
          "assetId": "T7fyLi7Kyqq8",
          "checksum": "65902a06cfa0ca51487e7b4d0976703e"
        },
        {
          "type": "image",
          "assetId": "uRCmtJoR03T9",
          "checksum": "2b1532ef5aab9a14a999fdaf06a656be"
        },
        {
          "type": "image",
          "assetId": "hAyBINvkRKeC",
          "checksum": "0d98882e6aed81126f3131f21ce37291"
        },
        {
          "type": "image",
          "assetId": "T0QPFd1H-ntm",
          "checksum": "8b0f9a6542e0278d80e359dcd546adf5"
        },
        {
          "type": "image",
          "assetId": "92msmMX1hPQ-",
          "checksum": "bbbb5966c7b51ebf55cdf3013d2d8ebd"
        },
        {
          "type": "image",
          "assetId": "LG7JSOXARdHu",
          "checksum": "ba003a747e0df168b7c68a17077d2a1c"
        },
        {
          "type": "image",
          "assetId": "D78YI4B3qsHp",
          "checksum": "354bb55df7fe9f024542028548b2b9f9"
        },
        {
          "type": "image",
          "assetId": "oFhBzbOcwVsA",
          "checksum": "6d3b8d7b30f0e6b0111434be18dba773"
        },
        {
          "type": "image",
          "assetId": "vYKncaRLTzvd",
          "checksum": "11a21ed656ccdd52c30355232b6af1e7"
        },
        {
          "type": "image",
          "assetId": "TK-5pjLCd_kn",
          "checksum": "cfd232c91105b50a0ce2cdff1fab9431"
        },
        {
          "type": "image",
          "assetId": "UqIaBmV7otOB",
          "checksum": "1372c753b88dce9ec82d68da7aaf55be"
        },
        {
          "type": "image",
          "assetId": "5-Z4lAcYOepi",
          "checksum": "d55190644085bd28f05c58f34870c9c7"
        },
        {
          "type": "image",
          "assetId": "aqfBkT-JdFdD",
          "checksum": "b609b7cfd561810dde713c3a40345897"
        },
        {
          "type": "image",
          "assetId": "HwQFr0DKY6pm",
          "checksum": "b6c97fbb1867b0725935b27628f02711"
        },
        {
          "type": "image",
          "assetId": "j2uM3niXlSpM",
          "checksum": "b1db4f2ce3b9439068081f38d6bd9b03"
        },
        {
          "type": "image",
          "assetId": "RWwa3mZOFMRe",
          "checksum": "641aebf7140fe093249446c8232c28f3"
        },
        {
          "type": "image",
          "assetId": "3TLtMiETUm_Z",
          "checksum": "b1077497b8a311ffba798b84eeae7f4f"
        },
        {
          "type": "image",
          "assetId": "DYo1k0bh7UGk",
          "checksum": "a6a32a665ea4e9e386177503f049c92f"
        },
        {
          "type": "image",
          "assetId": "ottpxZA16l3I",
          "checksum": "5f2178416c6b7e793a0f19464dbc0596"
        },
        {
          "type": "image",
          "assetId": "ALQURpa6caDY",
          "checksum": "ead539b9b214cdf337c824b387374c37"
        },
        {
          "type": "image",
          "assetId": "hi91ot_fuv4u",
          "checksum": "e5871660b1f1014ff229d85d741845b6"
        },
        {
          "type": "image",
          "assetId": "9L_bw0QWzTQU",
          "checksum": "ead94936d24c2537b156e539deb378b1"
        },
        {
          "type": "image",
          "assetId": "CYxA28iwwIGt",
          "checksum": "883c859299a70137a7f582308c202cbc"
        },
        {
          "type": "image",
          "assetId": "O2YVimytocVA",
          "checksum": "e75f4c2f3d5182d5499062dab9f3b9a7"
        },
        {
          "type": "image",
          "assetId": "CEsw6o6zzNbi",
          "checksum": "c7dda012b023226540ce997b4a3884cf"
        },
        {
          "type": "image",
          "assetId": "sQXeL6rQjq4g",
          "checksum": "07b03aa44ce23e53ce9d5b69a7adfd86"
        },
        {
          "type": "image",
          "assetId": "ZKMIopOWzaKn",
          "checksum": "a5d0c751d949804f6b54c8dee6ad3492"
        },
        {
          "type": "image",
          "assetId": "xTDOSVi6n5tN",
          "checksum": "5d7471c7984e01ddb28869a7ed7b0c15"
        },
        {
          "type": "image",
          "assetId": "sK08q7Dnzads",
          "checksum": "14ec1abd9b2aaf5e3c9c34ed1c94eb11"
        },
        {
          "type": "image",
          "assetId": "-dwv_VH-tuzr",
          "checksum": "f7f7506e9c16c4f191fc5f80edc7831a"
        },
        {
          "type": "image",
          "assetId": "diFMU2FO5aap",
          "checksum": "2c80f8823557e1bbef69435507e85251"
        },
        {
          "type": "image",
          "assetId": "kivleBmSRSsn",
          "checksum": "8c7d02c7db32aa4e4344f598ea1ee963"
        },
        {
          "type": "image",
          "assetId": "XB5E-awauuV4",
          "checksum": "f17a89a73c121bcc861449d984508b9f"
        },
        {
          "type": "image",
          "assetId": "jHp9v7gCP1Dz",
          "checksum": "5014ac4b062297112be32ab125d44fbd"
        },
        {
          "type": "image",
          "assetId": "lBRaw1ILkV8z",
          "checksum": "82f81cd1edbe1e4a7bcbfe6af971cdb8"
        },
        {
          "type": "image",
          "assetId": "ILoDtewgdlw1",
          "checksum": "3b86de07a666457bc6f94208a9c47bf5"
        },
        {
          "type": "image",
          "assetId": "e73kQK9wa06i",
          "checksum": "eec9e5c4e08ff9d3bf35d6da3480e858"
        },
        {
          "type": "image",
          "assetId": "nahg9d0aUEna",
          "checksum": "358ac9fe86c70def10699e31afb4e7d9"
        },
        {
          "type": "image",
          "assetId": "TBrrDIRH8Y0r",
          "checksum": "b64511a512f53cb6049e9e886d2d3b2e"
        },
        {
          "type": "image",
          "assetId": "vdgnS3r5eP3h",
          "checksum": "4d8b4e973aa9c0a48a82c81b38d316f4"
        },
        {
          "type": "image",
          "assetId": "3vfgLQaa2vSH",
          "checksum": "127e6dd8339f094065bac2928fa7b840"
        },
        {
          "type": "image",
          "assetId": "VWqRh2JFuM_T",
          "checksum": "c1a2b6ddad24de7e86cc5bbab0e27963"
        }
      ],
      "codegenVersion": "0.0.1"
    }
  ],
  "cliVersion": "0.1.334"
}
